
Microsoft Visual Studio Solution File, Format Version 12.00
# Visual Studio 15
VisualStudioVersion = 15.0.28307.421
MinimumVisualStudioVersion = 10.0.40219.1
Project("{8BC9CEB8-8B4A-11D0-8D11-00A0C91BC942}") = "alg_struct", "alg_struct.vcxproj", "{35D6640F-A884-420C-94FD-0C252FB7C7AF}"
EndProject
Global
	GlobalSection(SolutionConfigurationPlatforms) = preSolution
		Debug|x64 = Debug|x64
		Debug|x86 = Debug|x86
		Release|x64 = Release|x64
		Release|x86 = Release|x86
	EndGlobalSection
	GlobalSection(ProjectConfigurationPlatforms) = postSolution
		{35D6640F-A884-420C-94FD-0C252FB7C7AF}.Debug|x64.ActiveCfg = Debug|x64
		{35D6640F-A884-420C-94FD-0C252FB7C7AF}.Debug|x64.Build.0 = Debug|x64
		{35D6640F-A884-420C-94FD-0C252FB7C7AF}.Debug|x86.ActiveCfg = Debug|Win32
		{35D6640F-A884-420C-94FD-0C252FB7C7AF}.Debug|x86.Build.0 = Debug|Win32
		{35D6640F-A884-420C-94FD-0C252FB7C7AF}.Release|x64.ActiveCfg = Release|x64
		{35D6640F-A884-420C-94FD-0C252FB7C7AF}.Release|x64.Build.0 = Release|x64
		{35D6640F-A884-420C-94FD-0C252FB7C7AF}.Release|x86.ActiveCfg = Release|Win32
		{35D6640F-A884-420C-94FD-0C252FB7C7AF}.Release|x86.Build.0 = Release|Win32
	EndGlobalSection
	GlobalSection(SolutionProperties) = preSolution
		HideSolutionNode = FALSE
	EndGlobalSection
	GlobalSection(ExtensibilityGlobals) = postSolution
		SolutionGuid = {56403DD8-0B3B-45C5-8A0A-2FB82A386F9E}
	EndGlobalSection
EndGlobal
