
Microsoft Visual Studio Solution File, Format Version 12.00
# Visual Studio 15
VisualStudioVersion = 15.0.28010.2046
MinimumVisualStudioVersion = 10.0.40219.1
Project("{FAE04EC0-301F-11D3-BF4B-00C04F79EFBC}") = "Database", "Database\Database.csproj", "{78C65D21-C537-4790-A9E3-1368CB3315CD}"
EndProject
Project("{FAE04EC0-301F-11D3-BF4B-00C04F79EFBC}") = "Testing", "Testing\Testing.csproj", "{99491826-01F7-4D19-8353-F7D4C6B0062A}"
EndProject
Global
	GlobalSection(SolutionConfigurationPlatforms) = preSolution
		Debug|Any CPU = Debug|Any CPU
		Release|Any CPU = Release|Any CPU
	EndGlobalSection
	GlobalSection(ProjectConfigurationPlatforms) = postSolution
		{78C65D21-C537-4790-A9E3-1368CB3315CD}.Debug|Any CPU.ActiveCfg = Debug|Any CPU
		{78C65D21-C537-4790-A9E3-1368CB3315CD}.Debug|Any CPU.Build.0 = Debug|Any CPU
		{78C65D21-C537-4790-A9E3-1368CB3315CD}.Release|Any CPU.ActiveCfg = Release|Any CPU
		{78C65D21-C537-4790-A9E3-1368CB3315CD}.Release|Any CPU.Build.0 = Release|Any CPU
		{99491826-01F7-4D19-8353-F7D4C6B0062A}.Debug|Any CPU.ActiveCfg = Debug|Any CPU
		{99491826-01F7-4D19-8353-F7D4C6B0062A}.Debug|Any CPU.Build.0 = Debug|Any CPU
		{99491826-01F7-4D19-8353-F7D4C6B0062A}.Release|Any CPU.ActiveCfg = Release|Any CPU
		{99491826-01F7-4D19-8353-F7D4C6B0062A}.Release|Any CPU.Build.0 = Release|Any CPU
	EndGlobalSection
	GlobalSection(SolutionProperties) = preSolution
		HideSolutionNode = FALSE
	EndGlobalSection
	GlobalSection(ExtensibilityGlobals) = postSolution
		SolutionGuid = {A9BAB9C9-9046-4018-91D5-A69EA4A814F8}
	EndGlobalSection
EndGlobal
