
Microsoft Visual Studio Solution File, Format Version 12.00
# Visual Studio 15
VisualStudioVersion = 15.0.28307.168
MinimumVisualStudioVersion = 10.0.40219.1
Project("{8BC9CEB8-8B4A-11D0-8D11-00A0C91BC942}") = "alg_array", "alg_array.vcxproj", "{53E780D1-FFC5-4D4F-88FE-E664D445AD00}"
EndProject
Global
	GlobalSection(SolutionConfigurationPlatforms) = preSolution
		Debug|x64 = Debug|x64
		Debug|x86 = Debug|x86
		Release|x64 = Release|x64
		Release|x86 = Release|x86
	EndGlobalSection
	GlobalSection(ProjectConfigurationPlatforms) = postSolution
		{53E780D1-FFC5-4D4F-88FE-E664D445AD00}.Debug|x64.ActiveCfg = Debug|x64
		{53E780D1-FFC5-4D4F-88FE-E664D445AD00}.Debug|x64.Build.0 = Debug|x64
		{53E780D1-FFC5-4D4F-88FE-E664D445AD00}.Debug|x86.ActiveCfg = Debug|Win32
		{53E780D1-FFC5-4D4F-88FE-E664D445AD00}.Debug|x86.Build.0 = Debug|Win32
		{53E780D1-FFC5-4D4F-88FE-E664D445AD00}.Release|x64.ActiveCfg = Release|x64
		{53E780D1-FFC5-4D4F-88FE-E664D445AD00}.Release|x64.Build.0 = Release|x64
		{53E780D1-FFC5-4D4F-88FE-E664D445AD00}.Release|x86.ActiveCfg = Release|Win32
		{53E780D1-FFC5-4D4F-88FE-E664D445AD00}.Release|x86.Build.0 = Release|Win32
	EndGlobalSection
	GlobalSection(SolutionProperties) = preSolution
		HideSolutionNode = FALSE
	EndGlobalSection
	GlobalSection(ExtensibilityGlobals) = postSolution
		SolutionGuid = {2453928A-768C-49F5-A13C-7F5B69196DE9}
	EndGlobalSection
EndGlobal
